{
    "name": "storefront-theme",
    "requires": true,
    "lockfileVersion": 1,
    "dependencies": {
        "@types/jquery": {
            "version": "2.0.54",
            "resolved": "https://registry.npmjs.org/@types/jquery/-/jquery-2.0.54.tgz",
            "integrity": "sha512-D/PomKwNkDfSKD13DEVQT/pq2TUjN54c6uB341fEZanIzkjfGe7UaFuuaLZbpEiS5j7Wk2MUHAZqZIoECw29lg=="
        },
        "animate.css": {
            "version": "3.7.2",
            "resolved": "https://registry.npmjs.org/animate.css/-/animate.css-3.7.2.tgz",
            "integrity": "sha512-0bE8zYo7C0KvgOYrSVfrzkbYk6IOTVPNqkiHg2cbyF4Pq/PXzilz4BRWA3hwEUBoMp5VBgrC29lQIZyhRWdBTw=="
        },
        "ansicolors": {
            "version": "0.2.1",
            "resolved": "https://registry.npmjs.org/ansicolors/-/ansicolors-0.2.1.tgz",
            "integrity": "sha1-vgiVmQl7dKXJxKhKDNvNtivYeu8="
        },
        "async": {
            "version": "2.6.3",
            "resolved": "https://registry.npmjs.org/async/-/async-2.6.3.tgz",
            "integrity": "sha512-zflvls11DCy+dQWzTW2dzuilv8Z5X/pjfmZOWba6TNIVDm+2UDaJmXSOXlasHKfNBs8oo3M0aT50fDEWfKZjXg==",
            "requires": {
                "lodash": "^4.17.14"
            }
        },
        "bootstrap": {
            "version": "3.4.1",
            "resolved": "https://registry.npmjs.org/bootstrap/-/bootstrap-3.4.1.tgz",
            "integrity": "sha512-yN5oZVmRCwe5aKwzRj6736nSmKDX7pLYwsXiCj/EYmo16hODaBiT4En5btW/jhBF/seV+XMx3aYwukYC3A49DA=="
        },
        "cardinal": {
            "version": "1.0.0",
            "resolved": "https://registry.npmjs.org/cardinal/-/cardinal-1.0.0.tgz",
            "integrity": "sha1-UOIcGwqjdyn5N33vGWtanOyTLuk=",
            "requires": {
                "ansicolors": "~0.2.1",
                "redeyed": "~1.0.0"
            }
        },
        "csv-parse": {
            "version": "4.9.1",
            "resolved": "https://registry.npmjs.org/csv-parse/-/csv-parse-4.9.1.tgz",
            "integrity": "sha512-DSoBx9V5PpAVWZbqqYKaoxYsf6yQdltTlUmZ1gPjvoTeRI5wPDlwa6ovrmeUP/1y4MjUkAPXx17aPlu0E6xBvg=="
        },
        "devbridge-autocomplete": {
            "version": "1.4.11",
            "resolved": "https://registry.npmjs.org/devbridge-autocomplete/-/devbridge-autocomplete-1.4.11.tgz",
            "integrity": "sha512-lRU1y9IKyPm45NKDMcujszJoftw+wqxKbtcNJoMx+LywJQJdDwjg/s4lwLYR4vyQQ6VTcUaIeveLMkZTqorBIA==",
            "requires": {
                "@types/jquery": "^2.0.32",
                "jquery": ">=1.7"
            }
        },
        "drift-zoom": {
            "version": "1.4.0",
            "resolved": "https://registry.npmjs.org/drift-zoom/-/drift-zoom-1.4.0.tgz",
            "integrity": "sha512-hmMntkIEqXI+HrbSsgL0i3onAsESXHagEXUU/EiXuD8ksPpQtCy962AA6IEgNWvtnf+IzXUHEBcdopLPOPFoTw=="
        },
        "esprima": {
            "version": "3.0.0",
            "resolved": "https://registry.npmjs.org/esprima/-/esprima-3.0.0.tgz",
            "integrity": "sha1-U88kes2ncxPlUcOqLnM0LT+099k="
        },
        "font-awesome": {
            "version": "4.7.0",
            "resolved": "https://registry.npmjs.org/font-awesome/-/font-awesome-4.7.0.tgz",
            "integrity": "sha1-j6jPBBGhoxr9B7BtKQK7n8gVoTM="
        },
        "humanize": {
            "version": "0.0.9",
            "resolved": "https://registry.npmjs.org/humanize/-/humanize-0.0.9.tgz",
            "integrity": "sha1-GZT/rs3+nEQe0r2sdFK3u0yeQaQ="
        },
        "jquery": {
            "version": "3.5.1",
            "resolved": "https://registry.npmjs.org/jquery/-/jquery-3.5.1.tgz",
            "integrity": "sha512-XwIBPqcMn57FxfT+Go5pzySnm4KWkT1Tv7gjrpT1srtf8Weynl6R273VJ5GjkRb51IzMp5nbaPjJXMWeju2MKg=="
        },
        "jquery-slimscroll": {
            "version": "1.3.8",
            "resolved": "https://registry.npmjs.org/jquery-slimscroll/-/jquery-slimscroll-1.3.8.tgz",
            "integrity": "sha1-hIHETnpHaHZTkIoo9/cK7WTITjY=",
            "requires": {
                "jquery": ">= 1.7"
            }
        },
        "jquery.easing": {
            "version": "1.4.1",
            "resolved": "https://registry.npmjs.org/jquery.easing/-/jquery.easing-1.4.1.tgz",
            "integrity": "sha1-R5gsWDa9dY/UhJSSPEoQHvbpPjs="
        },
        "lodash": {
            "version": "4.17.15",
            "resolved": "https://registry.npmjs.org/lodash/-/lodash-4.17.15.tgz",
            "integrity": "sha512-8xOcRHvCjnocdS5cpwXQXVzmmh5e5+saE2QGoeQmbKmRS6J3VQppPOIt0MnmE+4xlZoumy0GPG0D0MVIQbNA1A=="
        },
        "microplugin": {
            "version": "0.0.3",
            "resolved": "https://registry.npmjs.org/microplugin/-/microplugin-0.0.3.tgz",
            "integrity": "sha1-H8Lhu3yeGegr2Eu6kTe75xJQ2M0="
        },
        "minimist": {
            "version": "0.0.10",
            "resolved": "https://registry.npmjs.org/minimist/-/minimist-0.0.10.tgz",
            "integrity": "sha1-3j+YVD2/lggr5IrRoMfNqDYwHc8="
        },
        "nouislider": {
            "version": "11.1.0",
            "resolved": "https://registry.npmjs.org/nouislider/-/nouislider-11.1.0.tgz",
            "integrity": "sha512-nD+Fgc8A8j6hnGvR5AaV+OBuLF446z4H2fmcEJ/6U6CJr6rAnFnionMXu7dmdghZ+bhgePvL3wrDRbu+0ux7Jg=="
        },
        "optimist": {
            "version": "0.6.1",
            "resolved": "https://registry.npmjs.org/optimist/-/optimist-0.6.1.tgz",
            "integrity": "sha1-2j6nRob6IaGaERwybpDrFaAZZoY=",
            "requires": {
                "minimist": "~0.0.1",
                "wordwrap": "~0.0.2"
            }
        },
        "redeyed": {
            "version": "1.0.1",
            "resolved": "https://registry.npmjs.org/redeyed/-/redeyed-1.0.1.tgz",
            "integrity": "sha1-6WwZO0DAgWsArshCaY5hGF5VSYo=",
            "requires": {
                "esprima": "~3.0.0"
            }
        },
        "selectize": {
            "version": "0.12.6",
            "resolved": "https://registry.npmjs.org/selectize/-/selectize-0.12.6.tgz",
            "integrity": "sha512-bWO5A7G+I8+QXyjLfQUgh31VI4WKYagUZQxAXlDyUmDDNrFxrASV0W9hxCOl0XJ/XQ1dZEu3G9HjXV4Wj0yb6w==",
            "requires": {
                "microplugin": "0.0.3",
                "sifter": "^0.5.1"
            }
        },
        "sifter": {
            "version": "0.5.4",
            "resolved": "https://registry.npmjs.org/sifter/-/sifter-0.5.4.tgz",
            "integrity": "sha512-t2yxTi/MM/ESup7XH5oMu8PUcttlekt269RqxARgnvS+7D/oP6RyA1x3M/5w8dG9OgkOyQ8hNRWelQ8Rj4TAQQ==",
            "requires": {
                "async": "^2.6.0",
                "cardinal": "^1.0.0",
                "csv-parse": "^4.6.5",
                "humanize": "^0.0.9",
                "optimist": "^0.6.1"
            }
        },
        "slick-carousel": {
            "version": "1.8.1",
            "resolved": "https://registry.npmjs.org/slick-carousel/-/slick-carousel-1.8.1.tgz",
            "integrity": "sha512-XB9Ftrf2EEKfzoQXt3Nitrt/IPbT+f1fgqBdoxO3W/+JYvtEOW6EgxnWfr9GH6nmULv7Y2tPmEX3koxThVmebA=="
        },
        "slick-lightbox": {
            "version": "0.2.12",
            "resolved": "https://registry.npmjs.org/slick-lightbox/-/slick-lightbox-0.2.12.tgz",
            "integrity": "sha512-OwY/gDvh8Xc7wvch/71U8iK+2rXQS0dAzJZvCO8c4u9ZbxQEdnUz8UjyDQJENALXPhrnXXz/yC8qwUhJEoJhcA=="
        },
        "wordwrap": {
            "version": "0.0.3",
            "resolved": "https://registry.npmjs.org/wordwrap/-/wordwrap-0.0.3.tgz",
            "integrity": "sha1-o9XabNXAvAAI03I0u68b7WMFkQc="
        }
    }
}
